
Microsoft Visual Studio Solution File, Format Version 12.00
# Visual Studio 15
VisualStudioVersion = 15.0.28307.168
MinimumVisualStudioVersion = 10.0.40219.1
Project("{FAE04EC0-301F-11D3-BF4B-00C04F79EFBC}") = "FindAndRead", "FindAndRead\FindAndRead.csproj", "{77383C41-02E7-4C06-8543-1E7AB0C96B55}"
EndProject
Global
	GlobalSection(SolutionConfigurationPlatforms) = preSolution
		Debug|Any CPU = Debug|Any CPU
		Release|Any CPU = Release|Any CPU
	EndGlobalSection
	GlobalSection(ProjectConfigurationPlatforms) = postSolution
		{77383C41-02E7-4C06-8543-1E7AB0C96B55}.Debug|Any CPU.ActiveCfg = Debug|Any CPU
		{77383C41-02E7-4C06-8543-1E7AB0C96B55}.Debug|Any CPU.Build.0 = Debug|Any CPU
		{77383C41-02E7-4C06-8543-1E7AB0C96B55}.Release|Any CPU.ActiveCfg = Release|Any CPU
		{77383C41-02E7-4C06-8543-1E7AB0C96B55}.Release|Any CPU.Build.0 = Release|Any CPU
	EndGlobalSection
	GlobalSection(SolutionProperties) = preSolution
		HideSolutionNode = FALSE
	EndGlobalSection
	GlobalSection(ExtensibilityGlobals) = postSolution
		SolutionGuid = {FE915459-A45B-4088-88D0-DC133600CBDE}
	EndGlobalSection
EndGlobal
